
Microsoft Visual Studio Solution File, Format Version 12.00
# Visual Studio Version 17
VisualStudioVersion = 17.9.34622.214
MinimumVisualStudioVersion = 10.0.40219.1
Project("{FAE04EC0-301F-11D3-BF4B-00C04F79EFBC}") = "TestOdata", "TestOdata.csproj", "{5151BEA1-78E9-4829-A9FF-2A39D0383542}"
EndProject
Global
	GlobalSection(SolutionConfigurationPlatforms) = preSolution
		Debug|Any CPU = Debug|Any CPU
		Release|Any CPU = Release|Any CPU
	EndGlobalSection
	GlobalSection(ProjectConfigurationPlatforms) = postSolution
		{5151BEA1-78E9-4829-A9FF-2A39D0383542}.Debug|Any CPU.ActiveCfg = Debug|Any CPU
		{5151BEA1-78E9-4829-A9FF-2A39D0383542}.Debug|Any CPU.Build.0 = Debug|Any CPU
		{5151BEA1-78E9-4829-A9FF-2A39D0383542}.Release|Any CPU.ActiveCfg = Release|Any CPU
		{5151BEA1-78E9-4829-A9FF-2A39D0383542}.Release|Any CPU.Build.0 = Release|Any CPU
	EndGlobalSection
	GlobalSection(SolutionProperties) = preSolution
		HideSolutionNode = FALSE
	EndGlobalSection
	GlobalSection(ExtensibilityGlobals) = postSolution
		SolutionGuid = {10E2EEA4-E8DD-460D-ADF8-6AD9BE95B5CB}
	EndGlobalSection
EndGlobal
